// !$*UTF8*$!
{
	archiveVersion = 1;
	classes = {
	};
	objectVersion = 56;
	objects = {

/* Begin PBXBuildFile section */
		C906BDB92B141ECC0067B403 /* PlanterPant.swift in Sources */ = {isa = PBXBuildFile; fileRef = C906BDB82B141ECC0067B403 /* PlanterPant.swift */; };
		C906BDBC2B141F7A0067B403 /* MainView.swift in Sources */ = {isa = PBXBuildFile; fileRef = C906BDBB2B141F7A0067B403 /* MainView.swift */; };
		C91586F82B17E9CB00444826 /* CalendarPageView.swift in Sources */ = {isa = PBXBuildFile; fileRef = C91586F72B17E9CB00444826 /* CalendarPageView.swift */; };
		C92B97D22B1413ED00A2D3F5 /* PlanterModel.swift in Sources */ = {isa = PBXBuildFile; fileRef = C92B97D12B1413ED00A2D3F5 /* PlanterModel.swift */; };
		C96C7E402B1712F700FC2FB0 /* Realm in Frameworks */ = {isa = PBXBuildFile; productRef = C96C7E3F2B1712F700FC2FB0 /* Realm */; };
		C96C7E422B1712F700FC2FB0 /* RealmSwift in Frameworks */ = {isa = PBXBuildFile; productRef = C96C7E412B1712F700FC2FB0 /* RealmSwift */; };
		C96C7E4C2B1717B300FC2FB0 /* UniversalForm.swift in Sources */ = {isa = PBXBuildFile; fileRef = C96C7E442B1717B300FC2FB0 /* UniversalForm.swift */; };
		C96C7E4D2B1717B300FC2FB0 /* Constants.swift in Sources */ = {isa = PBXBuildFile; fileRef = C96C7E452B1717B300FC2FB0 /* Constants.swift */; };
		C96C7E4F2B1717B300FC2FB0 /* Animations.swift in Sources */ = {isa = PBXBuildFile; fileRef = C96C7E472B1717B300FC2FB0 /* Animations.swift */; };
		C96C7E502B1717B300FC2FB0 /* ViewModifiers.swift in Sources */ = {isa = PBXBuildFile; fileRef = C96C7E482B1717B300FC2FB0 /* ViewModifiers.swift */; };
		C96C7E512B1717B300FC2FB0 /* UIUniversals.swift in Sources */ = {isa = PBXBuildFile; fileRef = C96C7E492B1717B300FC2FB0 /* UIUniversals.swift */; };
		C96C7E522B1717B300FC2FB0 /* Extensions.swift in Sources */ = {isa = PBXBuildFile; fileRef = C96C7E4A2B1717B300FC2FB0 /* Extensions.swift */; };
		C96C7E532B1717B300FC2FB0 /* UniversalButtons.swift in Sources */ = {isa = PBXBuildFile; fileRef = C96C7E4B2B1717B300FC2FB0 /* UniversalButtons.swift */; };
		C9B981422B140FCF0045D4A6 /* PlanterApp.swift in Sources */ = {isa = PBXBuildFile; fileRef = C9B981412B140FCF0045D4A6 /* PlanterApp.swift */; };
		C9B981442B140FCF0045D4A6 /* PlanterView.swift in Sources */ = {isa = PBXBuildFile; fileRef = C9B981432B140FCF0045D4A6 /* PlanterView.swift */; };
		C9B981462B140FD10045D4A6 /* Assets.xcassets in Resources */ = {isa = PBXBuildFile; fileRef = C9B981452B140FD10045D4A6 /* Assets.xcassets */; };
		C9B9814A2B140FD10045D4A6 /* Preview Assets.xcassets in Resources */ = {isa = PBXBuildFile; fileRef = C9B981492B140FD10045D4A6 /* Preview Assets.xcassets */; };
		C9B981542B140FD20045D4A6 /* PlanterTests.swift in Sources */ = {isa = PBXBuildFile; fileRef = C9B981532B140FD20045D4A6 /* PlanterTests.swift */; };
		C9B9815E2B140FD20045D4A6 /* PlanterUITests.swift in Sources */ = {isa = PBXBuildFile; fileRef = C9B9815D2B140FD20045D4A6 /* PlanterUITests.swift */; };
		C9B981602B140FD20045D4A6 /* PlanterUITestsLaunchTests.swift in Sources */ = {isa = PBXBuildFile; fileRef = C9B9815F2B140FD20045D4A6 /* PlanterUITestsLaunchTests.swift */; };
		C9B9816E2B1410800045D4A6 /* RealmManager.swift in Sources */ = {isa = PBXBuildFile; fileRef = C9B9816D2B14107F0045D4A6 /* RealmManager.swift */; };
/* End PBXBuildFile section */

/* Begin PBXContainerItemProxy section */
		C9B981502B140FD20045D4A6 /* PBXContainerItemProxy */ = {
			isa = PBXContainerItemProxy;
			containerPortal = C9B981362B140FCF0045D4A6 /* Project object */;
			proxyType = 1;
			remoteGlobalIDString = C9B9813D2B140FCF0045D4A6;
			remoteInfo = Planter;
		};
		C9B9815A2B140FD20045D4A6 /* PBXContainerItemProxy */ = {
			isa = PBXContainerItemProxy;
			containerPortal = C9B981362B140FCF0045D4A6 /* Project object */;
			proxyType = 1;
			remoteGlobalIDString = C9B9813D2B140FCF0045D4A6;
			remoteInfo = Planter;
		};
/* End PBXContainerItemProxy section */

/* Begin PBXFileReference section */
		C906BDB82B141ECC0067B403 /* PlanterPant.swift */ = {isa = PBXFileReference; lastKnownFileType = sourcecode.swift; path = PlanterPant.swift; sourceTree = "<group>"; };
		C906BDBB2B141F7A0067B403 /* MainView.swift */ = {isa = PBXFileReference; lastKnownFileType = sourcecode.swift; path = MainView.swift; sourceTree = "<group>"; };
		C91586F72B17E9CB00444826 /* CalendarPageView.swift */ = {isa = PBXFileReference; lastKnownFileType = sourcecode.swift; path = CalendarPageView.swift; sourceTree = "<group>"; };
		C92B97D12B1413ED00A2D3F5 /* PlanterModel.swift */ = {isa = PBXFileReference; lastKnownFileType = sourcecode.swift; path = PlanterModel.swift; sourceTree = "<group>"; };
		C96C7E442B1717B300FC2FB0 /* UniversalForm.swift */ = {isa = PBXFileReference; fileEncoding = 4; lastKnownFileType = sourcecode.swift; path = UniversalForm.swift; sourceTree = "<group>"; };
		C96C7E452B1717B300FC2FB0 /* Constants.swift */ = {isa = PBXFileReference; fileEncoding = 4; lastKnownFileType = sourcecode.swift; path = Constants.swift; sourceTree = "<group>"; };
		C96C7E472B1717B300FC2FB0 /* Animations.swift */ = {isa = PBXFileReference; fileEncoding = 4; lastKnownFileType = sourcecode.swift; path = Animations.swift; sourceTree = "<group>"; };
		C96C7E482B1717B300FC2FB0 /* ViewModifiers.swift */ = {isa = PBXFileReference; fileEncoding = 4; lastKnownFileType = sourcecode.swift; path = ViewModifiers.swift; sourceTree = "<group>"; };
		C96C7E492B1717B300FC2FB0 /* UIUniversals.swift */ = {isa = PBXFileReference; fileEncoding = 4; lastKnownFileType = sourcecode.swift; path = UIUniversals.swift; sourceTree = "<group>"; };
		C96C7E4A2B1717B300FC2FB0 /* Extensions.swift */ = {isa = PBXFileReference; fileEncoding = 4; lastKnownFileType = sourcecode.swift; path = Extensions.swift; sourceTree = "<group>"; };
		C96C7E4B2B1717B300FC2FB0 /* UniversalButtons.swift */ = {isa = PBXFileReference; fileEncoding = 4; lastKnownFileType = sourcecode.swift; path = UniversalButtons.swift; sourceTree = "<group>"; };
		C9B9813E2B140FCF0045D4A6 /* Planter.app */ = {isa = PBXFileReference; explicitFileType = wrapper.application; includeInIndex = 0; path = Planter.app; sourceTree = BUILT_PRODUCTS_DIR; };
		C9B981412B140FCF0045D4A6 /* PlanterApp.swift */ = {isa = PBXFileReference; lastKnownFileType = sourcecode.swift; path = PlanterApp.swift; sourceTree = "<group>"; };
		C9B981432B140FCF0045D4A6 /* PlanterView.swift */ = {isa = PBXFileReference; lastKnownFileType = sourcecode.swift; path = PlanterView.swift; sourceTree = "<group>"; };
		C9B981452B140FD10045D4A6 /* Assets.xcassets */ = {isa = PBXFileReference; lastKnownFileType = folder.assetcatalog; path = Assets.xcassets; sourceTree = "<group>"; };
		C9B981472B140FD10045D4A6 /* Planter.entitlements */ = {isa = PBXFileReference; lastKnownFileType = text.plist.entitlements; path = Planter.entitlements; sourceTree = "<group>"; };
		C9B981492B140FD10045D4A6 /* Preview Assets.xcassets */ = {isa = PBXFileReference; lastKnownFileType = folder.assetcatalog; path = "Preview Assets.xcassets"; sourceTree = "<group>"; };
		C9B9814F2B140FD20045D4A6 /* PlanterTests.xctest */ = {isa = PBXFileReference; explicitFileType = wrapper.cfbundle; includeInIndex = 0; path = PlanterTests.xctest; sourceTree = BUILT_PRODUCTS_DIR; };
		C9B981532B140FD20045D4A6 /* PlanterTests.swift */ = {isa = PBXFileReference; lastKnownFileType = sourcecode.swift; path = PlanterTests.swift; sourceTree = "<group>"; };
		C9B981592B140FD20045D4A6 /* PlanterUITests.xctest */ = {isa = PBXFileReference; explicitFileType = wrapper.cfbundle; includeInIndex = 0; path = PlanterUITests.xctest; sourceTree = BUILT_PRODUCTS_DIR; };
		C9B9815D2B140FD20045D4A6 /* PlanterUITests.swift */ = {isa = PBXFileReference; lastKnownFileType = sourcecode.swift; path = PlanterUITests.swift; sourceTree = "<group>"; };
		C9B9815F2B140FD20045D4A6 /* PlanterUITestsLaunchTests.swift */ = {isa = PBXFileReference; lastKnownFileType = sourcecode.swift; path = PlanterUITestsLaunchTests.swift; sourceTree = "<group>"; };
		C9B9816D2B14107F0045D4A6 /* RealmManager.swift */ = {isa = PBXFileReference; lastKnownFileType = sourcecode.swift; path = RealmManager.swift; sourceTree = "<group>"; };
/* End PBXFileReference section */

/* Begin PBXFrameworksBuildPhase section */
		C9B9813B2B140FCF0045D4A6 /* Frameworks */ = {
			isa = PBXFrameworksBuildPhase;
			buildActionMask = 2147483647;
			files = (
				C96C7E422B1712F700FC2FB0 /* RealmSwift in Frameworks */,
				C96C7E402B1712F700FC2FB0 /* Realm in Frameworks */,
			);
			runOnlyForDeploymentPostprocessing = 0;
		};
		C9B9814C2B140FD20045D4A6 /* Frameworks */ = {
			isa = PBXFrameworksBuildPhase;
			buildActionMask = 2147483647;
			files = (
			);
			runOnlyForDeploymentPostprocessing = 0;
		};
		C9B981562B140FD20045D4A6 /* Frameworks */ = {
			isa = PBXFrameworksBuildPhase;
			buildActionMask = 2147483647;
			files = (
			);
			runOnlyForDeploymentPostprocessing = 0;
		};
/* End PBXFrameworksBuildPhase section */

/* Begin PBXGroup section */
		C906BDBA2B141ED20067B403 /* PlanterPlant */ = {
			isa = PBXGroup;
			children = (
				C906BDB82B141ECC0067B403 /* PlanterPant.swift */,
			);
			path = PlanterPlant;
			sourceTree = "<group>";
		};
		C91586F62B17E9BD00444826 /* MainViews */ = {
			isa = PBXGroup;
			children = (
				C906BDBB2B141F7A0067B403 /* MainView.swift */,
				C91586F72B17E9CB00444826 /* CalendarPageView.swift */,
			);
			path = MainViews;
			sourceTree = "<group>";
		};
		C96C7E432B17177300FC2FB0 /* Universals */ = {
			isa = PBXGroup;
			children = (
				C96C7E472B1717B300FC2FB0 /* Animations.swift */,
				C96C7E452B1717B300FC2FB0 /* Constants.swift */,
				C96C7E4A2B1717B300FC2FB0 /* Extensions.swift */,
				C96C7E492B1717B300FC2FB0 /* UIUniversals.swift */,
				C96C7E4B2B1717B300FC2FB0 /* UniversalButtons.swift */,
				C96C7E442B1717B300FC2FB0 /* UniversalForm.swift */,
				C96C7E482B1717B300FC2FB0 /* ViewModifiers.swift */,
			);
			path = Universals;
			sourceTree = "<group>";
		};
		C9B981352B140FCF0045D4A6 = {
			isa = PBXGroup;
			children = (
				C9B981402B140FCF0045D4A6 /* Planter */,
				C9B981522B140FD20045D4A6 /* PlanterTests */,
				C9B9815C2B140FD20045D4A6 /* PlanterUITests */,
				C9B9813F2B140FCF0045D4A6 /* Products */,
			);
			sourceTree = "<group>";
		};
		C9B9813F2B140FCF0045D4A6 /* Products */ = {
			isa = PBXGroup;
			children = (
				C9B9813E2B140FCF0045D4A6 /* Planter.app */,
				C9B9814F2B140FD20045D4A6 /* PlanterTests.xctest */,
				C9B981592B140FD20045D4A6 /* PlanterUITests.xctest */,
			);
			name = Products;
			sourceTree = "<group>";
		};
		C9B981402B140FCF0045D4A6 /* Planter */ = {
			isa = PBXGroup;
			children = (
				C96C7E432B17177300FC2FB0 /* Universals */,
				C906BDBA2B141ED20067B403 /* PlanterPlant */,
				C9B9816C2B140FE90045D4A6 /* Main */,
				C9B981452B140FD10045D4A6 /* Assets.xcassets */,
				C9B981472B140FD10045D4A6 /* Planter.entitlements */,
				C9B981482B140FD10045D4A6 /* Preview Content */,
			);
			path = Planter;
			sourceTree = "<group>";
		};
		C9B981482B140FD10045D4A6 /* Preview Content */ = {
			isa = PBXGroup;
			children = (
				C9B981492B140FD10045D4A6 /* Preview Assets.xcassets */,
			);
			path = "Preview Content";
			sourceTree = "<group>";
		};
		C9B981522B140FD20045D4A6 /* PlanterTests */ = {
			isa = PBXGroup;
			children = (
				C9B981532B140FD20045D4A6 /* PlanterTests.swift */,
			);
			path = PlanterTests;
			sourceTree = "<group>";
		};
		C9B9815C2B140FD20045D4A6 /* PlanterUITests */ = {
			isa = PBXGroup;
			children = (
				C9B9815D2B140FD20045D4A6 /* PlanterUITests.swift */,
				C9B9815F2B140FD20045D4A6 /* PlanterUITestsLaunchTests.swift */,
			);
			path = PlanterUITests;
			sourceTree = "<group>";
		};
		C9B9816C2B140FE90045D4A6 /* Main */ = {
			isa = PBXGroup;
			children = (
				C9B981412B140FCF0045D4A6 /* PlanterApp.swift */,
				C91586F62B17E9BD00444826 /* MainViews */,
				C9B9816D2B14107F0045D4A6 /* RealmManager.swift */,
				C92B97D12B1413ED00A2D3F5 /* PlanterModel.swift */,
				C9B981432B140FCF0045D4A6 /* PlanterView.swift */,
			);
			path = Main;
			sourceTree = "<group>";
		};
/* End PBXGroup section */

/* Begin PBXNativeTarget section */
		C9B9813D2B140FCF0045D4A6 /* Planter */ = {
			isa = PBXNativeTarget;
			buildConfigurationList = C9B981632B140FD20045D4A6 /* Build configuration list for PBXNativeTarget "Planter" */;
			buildPhases = (
				C9B9813A2B140FCF0045D4A6 /* Sources */,
				C9B9813B2B140FCF0045D4A6 /* Frameworks */,
				C9B9813C2B140FCF0045D4A6 /* Resources */,
			);
			buildRules = (
			);
			dependencies = (
			);
			name = Planter;
			packageProductDependencies = (
				C96C7E3F2B1712F700FC2FB0 /* Realm */,
				C96C7E412B1712F700FC2FB0 /* RealmSwift */,
			);
			productName = Planter;
			productReference = C9B9813E2B140FCF0045D4A6 /* Planter.app */;
			productType = "com.apple.product-type.application";
		};
		C9B9814E2B140FD20045D4A6 /* PlanterTests */ = {
			isa = PBXNativeTarget;
			buildConfigurationList = C9B981662B140FD20045D4A6 /* Build configuration list for PBXNativeTarget "PlanterTests" */;
			buildPhases = (
				C9B9814B2B140FD20045D4A6 /* Sources */,
				C9B9814C2B140FD20045D4A6 /* Frameworks */,
				C9B9814D2B140FD20045D4A6 /* Resources */,
			);
			buildRules = (
			);
			dependencies = (
				C9B981512B140FD20045D4A6 /* PBXTargetDependency */,
			);
			name = PlanterTests;
			productName = PlanterTests;
			productReference = C9B9814F2B140FD20045D4A6 /* PlanterTests.xctest */;
			productType = "com.apple.product-type.bundle.unit-test";
		};
		C9B981582B140FD20045D4A6 /* PlanterUITests */ = {
			isa = PBXNativeTarget;
			buildConfigurationList = C9B981692B140FD20045D4A6 /* Build configuration list for PBXNativeTarget "PlanterUITests" */;
			buildPhases = (
				C9B981552B140FD20045D4A6 /* Sources */,
				C9B981562B140FD20045D4A6 /* Frameworks */,
				C9B981572B140FD20045D4A6 /* Resources */,
			);
			buildRules = (
			);
			dependencies = (
				C9B9815B2B140FD20045D4A6 /* PBXTargetDependency */,
			);
			name = PlanterUITests;
			productName = PlanterUITests;
			productReference = C9B981592B140FD20045D4A6 /* PlanterUITests.xctest */;
			productType = "com.apple.product-type.bundle.ui-testing";
		};
/* End PBXNativeTarget section */

/* Begin PBXProject section */
		C9B981362B140FCF0045D4A6 /* Project object */ = {
			isa = PBXProject;
			attributes = {
				BuildIndependentTargetsInParallel = 1;
				LastSwiftUpdateCheck = 1500;
				LastUpgradeCheck = 1500;
				TargetAttributes = {
					C9B9813D2B140FCF0045D4A6 = {
						CreatedOnToolsVersion = 15.0;
					};
					C9B9814E2B140FD20045D4A6 = {
						CreatedOnToolsVersion = 15.0;
						TestTargetID = C9B9813D2B140FCF0045D4A6;
					};
					C9B981582B140FD20045D4A6 = {
						CreatedOnToolsVersion = 15.0;
						TestTargetID = C9B9813D2B140FCF0045D4A6;
					};
				};
			};
			buildConfigurationList = C9B981392B140FCF0045D4A6 /* Build configuration list for PBXProject "Planter" */;
			compatibilityVersion = "Xcode 14.0";
			developmentRegion = en;
			hasScannedForEncodings = 0;
			knownRegions = (
				en,
				Base,
			);
			mainGroup = C9B981352B140FCF0045D4A6;
			packageReferences = (
				C96C7E3E2B1712F700FC2FB0 /* XCRemoteSwiftPackageReference "realm-swift" */,
			);
			productRefGroup = C9B9813F2B140FCF0045D4A6 /* Products */;
			projectDirPath = "";
			projectRoot = "";
			targets = (
				C9B9813D2B140FCF0045D4A6 /* Planter */,
				C9B9814E2B140FD20045D4A6 /* PlanterTests */,
				C9B981582B140FD20045D4A6 /* PlanterUITests */,
			);
		};
/* End PBXProject section */

/* Begin PBXResourcesBuildPhase section */
		C9B9813C2B140FCF0045D4A6 /* Resources */ = {
			isa = PBXResourcesBuildPhase;
			buildActionMask = 2147483647;
			files = (
				C9B9814A2B140FD10045D4A6 /* Preview Assets.xcassets in Resources */,
				C9B981462B140FD10045D4A6 /* Assets.xcassets in Resources */,
			);
			runOnlyForDeploymentPostprocessing = 0;
		};
		C9B9814D2B140FD20045D4A6 /* Resources */ = {
			isa = PBXResourcesBuildPhase;
			buildActionMask = 2147483647;
			files = (
			);
			runOnlyForDeploymentPostprocessing = 0;
		};
		C9B981572B140FD20045D4A6 /* Resources */ = {
			isa = PBXResourcesBuildPhase;
			buildActionMask = 2147483647;
			files = (
			);
			runOnlyForDeploymentPostprocessing = 0;
		};
/* End PBXResourcesBuildPhase section */

/* Begin PBXSourcesBuildPhase section */
		C9B9813A2B140FCF0045D4A6 /* Sources */ = {
			isa = PBXSourcesBuildPhase;
			buildActionMask = 2147483647;
			files = (
				C92B97D22B1413ED00A2D3F5 /* PlanterModel.swift in Sources */,
				C906BDBC2B141F7A0067B403 /* MainView.swift in Sources */,
				C9B981442B140FCF0045D4A6 /* PlanterView.swift in Sources */,
				C96C7E532B1717B300FC2FB0 /* UniversalButtons.swift in Sources */,
				C96C7E4C2B1717B300FC2FB0 /* UniversalForm.swift in Sources */,
				C906BDB92B141ECC0067B403 /* PlanterPant.swift in Sources */,
				C96C7E4F2B1717B300FC2FB0 /* Animations.swift in Sources */,
				C91586F82B17E9CB00444826 /* CalendarPageView.swift in Sources */,
				C96C7E512B1717B300FC2FB0 /* UIUniversals.swift in Sources */,
				C96C7E522B1717B300FC2FB0 /* Extensions.swift in Sources */,
				C9B981422B140FCF0045D4A6 /* PlanterApp.swift in Sources */,
				C9B9816E2B1410800045D4A6 /* RealmManager.swift in Sources */,
				C96C7E502B1717B300FC2FB0 /* ViewModifiers.swift in Sources */,
				C96C7E4D2B1717B300FC2FB0 /* Constants.swift in Sources */,
			);
			runOnlyForDeploymentPostprocessing = 0;
		};
		C9B9814B2B140FD20045D4A6 /* Sources */ = {
			isa = PBXSourcesBuildPhase;
			buildActionMask = 2147483647;
			files = (
				C9B981542B140FD20045D4A6 /* PlanterTests.swift in Sources */,
			);
			runOnlyForDeploymentPostprocessing = 0;
		};
		C9B981552B140FD20045D4A6 /* Sources */ = {
			isa = PBXSourcesBuildPhase;
			buildActionMask = 2147483647;
			files = (
				C9B9815E2B140FD20045D4A6 /* PlanterUITests.swift in Sources */,
				C9B981602B140FD20045D4A6 /* PlanterUITestsLaunchTests.swift in Sources */,
			);
			runOnlyForDeploymentPostprocessing = 0;
		};
/* End PBXSourcesBuildPhase section */

/* Begin PBXTargetDependency section */
		C9B981512B140FD20045D4A6 /* PBXTargetDependency */ = {
			isa = PBXTargetDependency;
			target = C9B9813D2B140FCF0045D4A6 /* Planter */;
			targetProxy = C9B981502B140FD20045D4A6 /* PBXContainerItemProxy */;
		};
		C9B9815B2B140FD20045D4A6 /* PBXTargetDependency */ = {
			isa = PBXTargetDependency;
			target = C9B9813D2B140FCF0045D4A6 /* Planter */;
			targetProxy = C9B9815A2B140FD20045D4A6 /* PBXContainerItemProxy */;
		};
/* End PBXTargetDependency section */

/* Begin XCBuildConfiguration section */
		C9B981612B140FD20045D4A6 /* Debug */ = {
			isa = XCBuildConfiguration;
			buildSettings = {
				ALWAYS_SEARCH_USER_PATHS = NO;
				ASSETCATALOG_COMPILER_GENERATE_SWIFT_ASSET_SYMBOL_EXTENSIONS = YES;
				CLANG_ANALYZER_NONNULL = YES;
				CLANG_ANALYZER_NUMBER_OBJECT_CONVERSION = YES_AGGRESSIVE;
				CLANG_CXX_LANGUAGE_STANDARD = "gnu++20";
				CLANG_ENABLE_MODULES = YES;
				CLANG_ENABLE_OBJC_ARC = YES;
				CLANG_ENABLE_OBJC_WEAK = YES;
				CLANG_WARN_BLOCK_CAPTURE_AUTORELEASING = YES;
				CLANG_WARN_BOOL_CONVERSION = YES;
				CLANG_WARN_COMMA = YES;
				CLANG_WARN_CONSTANT_CONVERSION = YES;
				CLANG_WARN_DEPRECATED_OBJC_IMPLEMENTATIONS = YES;
				CLANG_WARN_DIRECT_OBJC_ISA_USAGE = YES_ERROR;
				CLANG_WARN_DOCUMENTATION_COMMENTS = YES;
				CLANG_WARN_EMPTY_BODY = YES;
				CLANG_WARN_ENUM_CONVERSION = YES;
				CLANG_WARN_INFINITE_RECURSION = YES;
				CLANG_WARN_INT_CONVERSION = YES;
				CLANG_WARN_NON_LITERAL_NULL_CONVERSION = YES;
				CLANG_WARN_OBJC_IMPLICIT_RETAIN_SELF = YES;
				CLANG_WARN_OBJC_LITERAL_CONVERSION = YES;
				CLANG_WARN_OBJC_ROOT_CLASS = YES_ERROR;
				CLANG_WARN_QUOTED_INCLUDE_IN_FRAMEWORK_HEADER = YES;
				CLANG_WARN_RANGE_LOOP_ANALYSIS = YES;
				CLANG_WARN_STRICT_PROTOTYPES = YES;
				CLANG_WARN_SUSPICIOUS_MOVE = YES;
				CLANG_WARN_UNGUARDED_AVAILABILITY = YES_AGGRESSIVE;
				CLANG_WARN_UNREACHABLE_CODE = YES;
				CLANG_WARN__DUPLICATE_METHOD_MATCH = YES;
				COPY_PHASE_STRIP = NO;
				DEBUG_INFORMATION_FORMAT = dwarf;
				ENABLE_STRICT_OBJC_MSGSEND = YES;
				ENABLE_TESTABILITY = YES;
				ENABLE_USER_SCRIPT_SANDBOXING = YES;
				GCC_C_LANGUAGE_STANDARD = gnu17;
				GCC_DYNAMIC_NO_PIC = NO;
				GCC_NO_COMMON_BLOCKS = YES;
				GCC_OPTIMIZATION_LEVEL = 0;
				GCC_PREPROCESSOR_DEFINITIONS = (
					"DEBUG=1",
					"$(inherited)",
				);
				GCC_WARN_64_TO_32_BIT_CONVERSION = YES;
				GCC_WARN_ABOUT_RETURN_TYPE = YES_ERROR;
				GCC_WARN_UNDECLARED_SELECTOR = YES;
				GCC_WARN_UNINITIALIZED_AUTOS = YES_AGGRESSIVE;
				GCC_WARN_UNUSED_FUNCTION = YES;
				GCC_WARN_UNUSED_VARIABLE = YES;
				LOCALIZATION_PREFERS_STRING_CATALOGS = YES;
				MTL_ENABLE_DEBUG_INFO = INCLUDE_SOURCE;
				MTL_FAST_MATH = YES;
				ONLY_ACTIVE_ARCH = YES;
				SWIFT_ACTIVE_COMPILATION_CONDITIONS = "DEBUG $(inherited)";
				SWIFT_OPTIMIZATION_LEVEL = "-Onone";
			};
			name = Debug;
		};
		C9B981622B140FD20045D4A6 /* Release */ = {
			isa = XCBuildConfiguration;
			buildSettings = {
				ALWAYS_SEARCH_USER_PATHS = NO;
				ASSETCATALOG_COMPILER_GENERATE_SWIFT_ASSET_SYMBOL_EXTENSIONS = YES;
				CLANG_ANALYZER_NONNULL = YES;
				CLANG_ANALYZER_NUMBER_OBJECT_CONVERSION = YES_AGGRESSIVE;
				CLANG_CXX_LANGUAGE_STANDARD = "gnu++20";
				CLANG_ENABLE_MODULES = YES;
				CLANG_ENABLE_OBJC_ARC = YES;
				CLANG_ENABLE_OBJC_WEAK = YES;
				CLANG_WARN_BLOCK_CAPTURE_AUTORELEASING = YES;
				CLANG_WARN_BOOL_CONVERSION = YES;
				CLANG_WARN_COMMA = YES;
				CLANG_WARN_CONSTANT_CONVERSION = YES;
				CLANG_WARN_DEPRECATED_OBJC_IMPLEMENTATIONS = YES;
				CLANG_WARN_DIRECT_OBJC_ISA_USAGE = YES_ERROR;
				CLANG_WARN_DOCUMENTATION_COMMENTS = YES;
				CLANG_WARN_EMPTY_BODY = YES;
				CLANG_WARN_ENUM_CONVERSION = YES;
				CLANG_WARN_INFINITE_RECURSION = YES;
				CLANG_WARN_INT_CONVERSION = YES;
				CLANG_WARN_NON_LITERAL_NULL_CONVERSION = YES;
				CLANG_WARN_OBJC_IMPLICIT_RETAIN_SELF = YES;
				CLANG_WARN_OBJC_LITERAL_CONVERSION = YES;
				CLANG_WARN_OBJC_ROOT_CLASS = YES_ERROR;
				CLANG_WARN_QUOTED_INCLUDE_IN_FRAMEWORK_HEADER = YES;
				CLANG_WARN_RANGE_LOOP_ANALYSIS = YES;
				CLANG_WARN_STRICT_PROTOTYPES = YES;
				CLANG_WARN_SUSPICIOUS_MOVE = YES;
				CLANG_WARN_UNGUARDED_AVAILABILITY = YES_AGGRESSIVE;
				CLANG_WARN_UNREACHABLE_CODE = YES;
				CLANG_WARN__DUPLICATE_METHOD_MATCH = YES;
				COPY_PHASE_STRIP = NO;
				DEBUG_INFORMATION_FORMAT = "dwarf-with-dsym";
				ENABLE_NS_ASSERTIONS = NO;
				ENABLE_STRICT_OBJC_MSGSEND = YES;
				ENABLE_USER_SCRIPT_SANDBOXING = YES;
				GCC_C_LANGUAGE_STANDARD = gnu17;
				GCC_NO_COMMON_BLOCKS = YES;
				GCC_WARN_64_TO_32_BIT_CONVERSION = YES;
				GCC_WARN_ABOUT_RETURN_TYPE = YES_ERROR;
				GCC_WARN_UNDECLARED_SELECTOR = YES;
				GCC_WARN_UNINITIALIZED_AUTOS = YES_AGGRESSIVE;
				GCC_WARN_UNUSED_FUNCTION = YES;
				GCC_WARN_UNUSED_VARIABLE = YES;
				LOCALIZATION_PREFERS_STRING_CATALOGS = YES;
				MTL_ENABLE_DEBUG_INFO = NO;
				MTL_FAST_MATH = YES;
				SWIFT_COMPILATION_MODE = wholemodule;
			};
			name = Release;
		};
		C9B981642B140FD20045D4A6 /* Debug */ = {
			isa = XCBuildConfiguration;
			buildSettings = {
				ASSETCATALOG_COMPILER_APPICON_NAME = AppIcon;
				ASSETCATALOG_COMPILER_GLOBAL_ACCENT_COLOR_NAME = AccentColor;
				CODE_SIGN_ENTITLEMENTS = Planter/Planter.entitlements;
				CODE_SIGN_STYLE = Automatic;
				CURRENT_PROJECT_VERSION = 1;
				DEVELOPMENT_ASSET_PATHS = "\"Planter/Preview Content\"";
				DEVELOPMENT_TEAM = LN4JU8GNV7;
				ENABLE_HARDENED_RUNTIME = YES;
				ENABLE_PREVIEWS = YES;
				GENERATE_INFOPLIST_FILE = YES;
				"INFOPLIST_KEY_UIApplicationSceneManifest_Generation[sdk=iphoneos*]" = YES;
				"INFOPLIST_KEY_UIApplicationSceneManifest_Generation[sdk=iphonesimulator*]" = YES;
				"INFOPLIST_KEY_UIApplicationSupportsIndirectInputEvents[sdk=iphoneos*]" = YES;
				"INFOPLIST_KEY_UIApplicationSupportsIndirectInputEvents[sdk=iphonesimulator*]" = YES;
				"INFOPLIST_KEY_UILaunchScreen_Generation[sdk=iphoneos*]" = YES;
				"INFOPLIST_KEY_UILaunchScreen_Generation[sdk=iphonesimulator*]" = YES;
				"INFOPLIST_KEY_UIStatusBarStyle[sdk=iphoneos*]" = UIStatusBarStyleDefault;
				"INFOPLIST_KEY_UIStatusBarStyle[sdk=iphonesimulator*]" = UIStatusBarStyleDefault;
				INFOPLIST_KEY_UISupportedInterfaceOrientations = UIInterfaceOrientationPortrait;
				INFOPLIST_KEY_UISupportedInterfaceOrientations_iPad = "UIInterfaceOrientationLandscapeLeft UIInterfaceOrientationLandscapeRight UIInterfaceOrientationPortrait UIInterfaceOrientationPortraitUpsideDown";
				IPHONEOS_DEPLOYMENT_TARGET = 17.0;
				LD_RUNPATH_SEARCH_PATHS = "@executable_path/Frameworks";
				"LD_RUNPATH_SEARCH_PATHS[sdk=macosx*]" = "@executable_path/../Frameworks";
				MACOSX_DEPLOYMENT_TARGET = 14.0;
				MARKETING_VERSION = 1.0;
				PRODUCT_BUNDLE_IDENTIFIER = "Masse-Brian.Planter";
				PRODUCT_NAME = "$(TARGET_NAME)";
				SDKROOT = auto;
				SUPPORTED_PLATFORMS = "iphoneos iphonesimulator macosx";
				SWIFT_EMIT_LOC_STRINGS = YES;
				SWIFT_VERSION = 5.0;
				TARGETED_DEVICE_FAMILY = "1,2";
			};
			name = Debug;
		};
		C9B981652B140FD20045D4A6 /* Release */ = {
			isa = XCBuildConfiguration;
			buildSettings = {
				ASSETCATALOG_COMPILER_APPICON_NAME = AppIcon;
				ASSETCATALOG_COMPILER_GLOBAL_ACCENT_COLOR_NAME = AccentColor;
				CODE_SIGN_ENTITLEMENTS = Planter/Planter.entitlements;
				CODE_SIGN_STYLE = Automatic;
				CURRENT_PROJECT_VERSION = 1;
				DEVELOPMENT_ASSET_PATHS = "\"Planter/Preview Content\"";
				DEVELOPMENT_TEAM = LN4JU8GNV7;
				ENABLE_HARDENED_RUNTIME = YES;
				ENABLE_PREVIEWS = YES;
				GENERATE_INFOPLIST_FILE = YES;
				"INFOPLIST_KEY_UIApplicationSceneManifest_Generation[sdk=iphoneos*]" = YES;
				"INFOPLIST_KEY_UIApplicationSceneManifest_Generation[sdk=iphonesimulator*]" = YES;
				"INFOPLIST_KEY_UIApplicationSupportsIndirectInputEvents[sdk=iphoneos*]" = YES;
				"INFOPLIST_KEY_UIApplicationSupportsIndirectInputEvents[sdk=iphonesimulator*]" = YES;
				"INFOPLIST_KEY_UILaunchScreen_Generation[sdk=iphoneos*]" = YES;
				"INFOPLIST_KEY_UILaunchScreen_Generation[sdk=iphonesimulator*]" = YES;
				"INFOPLIST_KEY_UIStatusBarStyle[sdk=iphoneos*]" = UIStatusBarStyleDefault;
				"INFOPLIST_KEY_UIStatusBarStyle[sdk=iphonesimulator*]" = UIStatusBarStyleDefault;
				INFOPLIST_KEY_UISupportedInterfaceOrientations = UIInterfaceOrientationPortrait;
				INFOPLIST_KEY_UISupportedInterfaceOrientations_iPad = "UIInterfaceOrientationLandscapeLeft UIInterfaceOrientationLandscapeRight UIInterfaceOrientationPortrait UIInterfaceOrientationPortraitUpsideDown";
				IPHONEOS_DEPLOYMENT_TARGET = 17.0;
				LD_RUNPATH_SEARCH_PATHS = "@executable_path/Frameworks";
				"LD_RUNPATH_SEARCH_PATHS[sdk=macosx*]" = "@executable_path/../Frameworks";
				MACOSX_DEPLOYMENT_TARGET = 14.0;
				MARKETING_VERSION = 1.0;
				PRODUCT_BUNDLE_IDENTIFIER = "Masse-Brian.Planter";
				PRODUCT_NAME = "$(TARGET_NAME)";
				SDKROOT = auto;
				SUPPORTED_PLATFORMS = "iphoneos iphonesimulator macosx";
				SWIFT_EMIT_LOC_STRINGS = YES;
				SWIFT_VERSION = 5.0;
				TARGETED_DEVICE_FAMILY = "1,2";
			};
			name = Release;
		};
		C9B981672B140FD20045D4A6 /* Debug */ = {
			isa = XCBuildConfiguration;
			buildSettings = {
				ALWAYS_EMBED_SWIFT_STANDARD_LIBRARIES = YES;
				BUNDLE_LOADER = "$(TEST_HOST)";
				CODE_SIGN_STYLE = Automatic;
				CURRENT_PROJECT_VERSION = 1;
				DEVELOPMENT_TEAM = LN4JU8GNV7;
				GENERATE_INFOPLIST_FILE = YES;
				IPHONEOS_DEPLOYMENT_TARGET = 17.0;
				MACOSX_DEPLOYMENT_TARGET = 14.0;
				MARKETING_VERSION = 1.0;
				PRODUCT_BUNDLE_IDENTIFIER = "Masse-Brian.PlanterTests";
				PRODUCT_NAME = "$(TARGET_NAME)";
				SDKROOT = auto;
				SUPPORTED_PLATFORMS = "iphoneos iphonesimulator macosx";
				SWIFT_EMIT_LOC_STRINGS = NO;
				SWIFT_VERSION = 5.0;
				TARGETED_DEVICE_FAMILY = "1,2";
				TEST_HOST = "$(BUILT_PRODUCTS_DIR)/Planter.app/$(BUNDLE_EXECUTABLE_FOLDER_PATH)/Planter";
			};
			name = Debug;
		};
		C9B981682B140FD20045D4A6 /* Release */ = {
			isa = XCBuildConfiguration;
			buildSettings = {
				ALWAYS_EMBED_SWIFT_STANDARD_LIBRARIES = YES;
				BUNDLE_LOADER = "$(TEST_HOST)";
				CODE_SIGN_STYLE = Automatic;
				CURRENT_PROJECT_VERSION = 1;
				DEVELOPMENT_TEAM = LN4JU8GNV7;
				GENERATE_INFOPLIST_FILE = YES;
				IPHONEOS_DEPLOYMENT_TARGET = 17.0;
				MACOSX_DEPLOYMENT_TARGET = 14.0;
				MARKETING_VERSION = 1.0;
				PRODUCT_BUNDLE_IDENTIFIER = "Masse-Brian.PlanterTests";
				PRODUCT_NAME = "$(TARGET_NAME)";
				SDKROOT = auto;
				SUPPORTED_PLATFORMS = "iphoneos iphonesimulator macosx";
				SWIFT_EMIT_LOC_STRINGS = NO;
				SWIFT_VERSION = 5.0;
				TARGETED_DEVICE_FAMILY = "1,2";
				TEST_HOST = "$(BUILT_PRODUCTS_DIR)/Planter.app/$(BUNDLE_EXECUTABLE_FOLDER_PATH)/Planter";
			};
			name = Release;
		};
		C9B9816A2B140FD20045D4A6 /* Debug */ = {
			isa = XCBuildConfiguration;
			buildSettings = {
				ALWAYS_EMBED_SWIFT_STANDARD_LIBRARIES = YES;
				CODE_SIGN_STYLE = Automatic;
				CURRENT_PROJECT_VERSION = 1;
				DEVELOPMENT_TEAM = LN4JU8GNV7;
				GENERATE_INFOPLIST_FILE = YES;
				IPHONEOS_DEPLOYMENT_TARGET = 17.0;
				MACOSX_DEPLOYMENT_TARGET = 14.0;
				MARKETING_VERSION = 1.0;
				PRODUCT_BUNDLE_IDENTIFIER = "Masse-Brian.PlanterUITests";
				PRODUCT_NAME = "$(TARGET_NAME)";
				SDKROOT = auto;
				SUPPORTED_PLATFORMS = "iphoneos iphonesimulator macosx";
				SWIFT_EMIT_LOC_STRINGS = NO;
				SWIFT_VERSION = 5.0;
				TARGETED_DEVICE_FAMILY = "1,2";
				TEST_TARGET_NAME = Planter;
			};
			name = Debug;
		};
		C9B9816B2B140FD20045D4A6 /* Release */ = {
			isa = XCBuildConfiguration;
			buildSettings = {
				ALWAYS_EMBED_SWIFT_STANDARD_LIBRARIES = YES;
				CODE_SIGN_STYLE = Automatic;
				CURRENT_PROJECT_VERSION = 1;
				DEVELOPMENT_TEAM = LN4JU8GNV7;
				GENERATE_INFOPLIST_FILE = YES;
				IPHONEOS_DEPLOYMENT_TARGET = 17.0;
				MACOSX_DEPLOYMENT_TARGET = 14.0;
				MARKETING_VERSION = 1.0;
				PRODUCT_BUNDLE_IDENTIFIER = "Masse-Brian.PlanterUITests";
				PRODUCT_NAME = "$(TARGET_NAME)";
				SDKROOT = auto;
				SUPPORTED_PLATFORMS = "iphoneos iphonesimulator macosx";
				SWIFT_EMIT_LOC_STRINGS = NO;
				SWIFT_VERSION = 5.0;
				TARGETED_DEVICE_FAMILY = "1,2";
				TEST_TARGET_NAME = Planter;
			};
			name = Release;
		};
/* End XCBuildConfiguration section */

/* Begin XCConfigurationList section */
		C9B981392B140FCF0045D4A6 /* Build configuration list for PBXProject "Planter" */ = {
			isa = XCConfigurationList;
			buildConfigurations = (
				C9B981612B140FD20045D4A6 /* Debug */,
				C9B981622B140FD20045D4A6 /* Release */,
			);
			defaultConfigurationIsVisible = 0;
			defaultConfigurationName = Release;
		};
		C9B981632B140FD20045D4A6 /* Build configuration list for PBXNativeTarget "Planter" */ = {
			isa = XCConfigurationList;
			buildConfigurations = (
				C9B981642B140FD20045D4A6 /* Debug */,
				C9B981652B140FD20045D4A6 /* Release */,
			);
			defaultConfigurationIsVisible = 0;
			defaultConfigurationName = Release;
		};
		C9B981662B140FD20045D4A6 /* Build configuration list for PBXNativeTarget "PlanterTests" */ = {
			isa = XCConfigurationList;
			buildConfigurations = (
				C9B981672B140FD20045D4A6 /* Debug */,
				C9B981682B140FD20045D4A6 /* Release */,
			);
			defaultConfigurationIsVisible = 0;
			defaultConfigurationName = Release;
		};
		C9B981692B140FD20045D4A6 /* Build configuration list for PBXNativeTarget "PlanterUITests" */ = {
			isa = XCConfigurationList;
			buildConfigurations = (
				C9B9816A2B140FD20045D4A6 /* Debug */,
				C9B9816B2B140FD20045D4A6 /* Release */,
			);
			defaultConfigurationIsVisible = 0;
			defaultConfigurationName = Release;
		};
/* End XCConfigurationList section */

/* Begin XCRemoteSwiftPackageReference section */
		C96C7E3E2B1712F700FC2FB0 /* XCRemoteSwiftPackageReference "realm-swift" */ = {
			isa = XCRemoteSwiftPackageReference;
			repositoryURL = "https://github.com/realm/realm-swift";
			requirement = {
				branch = master;
				kind = branch;
			};
		};
/* End XCRemoteSwiftPackageReference section */

/* Begin XCSwiftPackageProductDependency section */
		C96C7E3F2B1712F700FC2FB0 /* Realm */ = {
			isa = XCSwiftPackageProductDependency;
			package = C96C7E3E2B1712F700FC2FB0 /* XCRemoteSwiftPackageReference "realm-swift" */;
			productName = Realm;
		};
		C96C7E412B1712F700FC2FB0 /* RealmSwift */ = {
			isa = XCSwiftPackageProductDependency;
			package = C96C7E3E2B1712F700FC2FB0 /* XCRemoteSwiftPackageReference "realm-swift" */;
			productName = RealmSwift;
		};
/* End XCSwiftPackageProductDependency section */
	};
	rootObject = C9B981362B140FCF0045D4A6 /* Project object */;
}
